// !$*UTF8*$!
{
	archiveVersion = 1;
	classes = {
	};
	objectVersion = 46;
	objects = {

/* Begin PBXBuildFile section */
		3970C8291B05161800A64CA0 /* CFNetwork.framework in Frameworks */ = {isa = PBXBuildFile; fileRef = 3970C8281B05161800A64CA0 /* CFNetwork.framework */; };
		3970C82B1B0516DD00A64CA0 /* AudioToolbox.framework in Frameworks */ = {isa = PBXBuildFile; fileRef = 3970C82A1B0516DD00A64CA0 /* AudioToolbox.framework */; };
		3970C82D1B0516ED00A64CA0 /* SystemConfiguration.framework in Frameworks */ = {isa = PBXBuildFile; fileRef = 3970C82C1B0516ED00A64CA0 /* SystemConfiguration.framework */; };
		3970C82F1B0516F800A64CA0 /* StoreKit.framework in Frameworks */ = {isa = PBXBuildFile; fileRef = 3970C82E1B0516F800A64CA0 /* StoreKit.framework */; };
		3970C8311B05170000A64CA0 /* Security.framework in Frameworks */ = {isa = PBXBuildFile; fileRef = 3970C8301B05170000A64CA0 /* Security.framework */; };
		3970C8331B05170C00A64CA0 /* QuartzCore.framework in Frameworks */ = {isa = PBXBuildFile; fileRef = 3970C8321B05170C00A64CA0 /* QuartzCore.framework */; };
		3970C8351B05171C00A64CA0 /* MobileCoreServices.framework in Frameworks */ = {isa = PBXBuildFile; fileRef = 3970C8341B05171C00A64CA0 /* MobileCoreServices.framework */; };
		3970C8371B05172B00A64CA0 /* libsqlite3.dylib in Frameworks */ = {isa = PBXBuildFile; fileRef = 3970C8361B05172B00A64CA0 /* libsqlite3.dylib */; };
		3970C8391B05173600A64CA0 /* libz.1.1.3.dylib in Frameworks */ = {isa = PBXBuildFile; fileRef = 3970C8381B05173600A64CA0 /* libz.1.1.3.dylib */; };
		3970C83B1B05175100A64CA0 /* CoreGraphics.framework in Frameworks */ = {isa = PBXBuildFile; fileRef = 3970C83A1B05175100A64CA0 /* CoreGraphics.framework */; };
		3970C8461B05380A00A64CA0 /* Parse.framework in Frameworks */ = {isa = PBXBuildFile; fileRef = 3970C8451B05380A00A64CA0 /* Parse.framework */; };
		3970C8481B05382700A64CA0 /* Bolts.framework in Frameworks */ = {isa = PBXBuildFile; fileRef = 3970C8471B05382700A64CA0 /* Bolts.framework */; };
		39A6918C1B03B84C00C37436 /* main.m in Sources */ = {isa = PBXBuildFile; fileRef = 39A6918B1B03B84C00C37436 /* main.m */; };
		39A6918F1B03B84C00C37436 /* AppDelegate.m in Sources */ = {isa = PBXBuildFile; fileRef = 39A6918E1B03B84C00C37436 /* AppDelegate.m */; };
		39A691921B03B84C00C37436 /* ViewController.m in Sources */ = {isa = PBXBuildFile; fileRef = 39A691911B03B84C00C37436 /* ViewController.m */; };
		39A691951B03B84C00C37436 /* Main.storyboard in Resources */ = {isa = PBXBuildFile; fileRef = 39A691931B03B84C00C37436 /* Main.storyboard */; };
		39A691971B03B84C00C37436 /* Images.xcassets in Resources */ = {isa = PBXBuildFile; fileRef = 39A691961B03B84C00C37436 /* Images.xcassets */; };
		39A6919A1B03B84C00C37436 /* LaunchScreen.xib in Resources */ = {isa = PBXBuildFile; fileRef = 39A691981B03B84C00C37436 /* LaunchScreen.xib */; };
		39A691A61B03B84C00C37436 /* FindMyFriendsTests.m in Sources */ = {isa = PBXBuildFile; fileRef = 39A691A51B03B84C00C37436 /* FindMyFriendsTests.m */; };
		39A691B11B03BBFA00C37436 /* LoginViewController.m in Sources */ = {isa = PBXBuildFile; fileRef = 39A691B01B03BBFA00C37436 /* LoginViewController.m */; };
		39A691B31B03BC9100C37436 /* CoreLocation.framework in Frameworks */ = {isa = PBXBuildFile; fileRef = 39A691B21B03BC9100C37436 /* CoreLocation.framework */; };
		39A691B51B03BCA100C37436 /* MapKit.framework in Frameworks */ = {isa = PBXBuildFile; fileRef = 39A691B41B03BCA100C37436 /* MapKit.framework */; };
		39A691B81B03BFEA00C37436 /* NewUserViewController.m in Sources */ = {isa = PBXBuildFile; fileRef = 39A691B71B03BFEA00C37436 /* NewUserViewController.m */; };
		39A691BC1B03C95E00C37436 /* WallViewController.m in Sources */ = {isa = PBXBuildFile; fileRef = 39A691BB1B03C95E00C37436 /* WallViewController.m */; };
		39A691C11B03D02900C37436 /* WallPostTableViewController.m in Sources */ = {isa = PBXBuildFile; fileRef = 39A691C01B03D02900C37436 /* WallPostTableViewController.m */; };
		39A691C41B03D05F00C37436 /* SettingsViewController.m in Sources */ = {isa = PBXBuildFile; fileRef = 39A691C31B03D05F00C37436 /* SettingsViewController.m */; };
		39A691C71B03D08A00C37436 /* WallPostCreateViewController.m in Sources */ = {isa = PBXBuildFile; fileRef = 39A691C61B03D08A00C37436 /* WallPostCreateViewController.m */; };
/* End PBXBuildFile section */

/* Begin PBXContainerItemProxy section */
		39A691A01B03B84C00C37436 /* PBXContainerItemProxy */ = {
			isa = PBXContainerItemProxy;
			containerPortal = 39A6917E1B03B84C00C37436 /* Project object */;
			proxyType = 1;
			remoteGlobalIDString = 39A691851B03B84C00C37436;
			remoteInfo = FindMyFriends;
		};
/* End PBXContainerItemProxy section */

/* Begin PBXFileReference section */
		3970C8281B05161800A64CA0 /* CFNetwork.framework */ = {isa = PBXFileReference; lastKnownFileType = wrapper.framework; name = CFNetwork.framework; path = System/Library/Frameworks/CFNetwork.framework; sourceTree = SDKROOT; };
		3970C82A1B0516DD00A64CA0 /* AudioToolbox.framework */ = {isa = PBXFileReference; lastKnownFileType = wrapper.framework; name = AudioToolbox.framework; path = System/Library/Frameworks/AudioToolbox.framework; sourceTree = SDKROOT; };
		3970C82C1B0516ED00A64CA0 /* SystemConfiguration.framework */ = {isa = PBXFileReference; lastKnownFileType = wrapper.framework; name = SystemConfiguration.framework; path = System/Library/Frameworks/SystemConfiguration.framework; sourceTree = SDKROOT; };
		3970C82E1B0516F800A64CA0 /* StoreKit.framework */ = {isa = PBXFileReference; lastKnownFileType = wrapper.framework; name = StoreKit.framework; path = System/Library/Frameworks/StoreKit.framework; sourceTree = SDKROOT; };
		3970C8301B05170000A64CA0 /* Security.framework */ = {isa = PBXFileReference; lastKnownFileType = wrapper.framework; name = Security.framework; path = System/Library/Frameworks/Security.framework; sourceTree = SDKROOT; };
		3970C8321B05170C00A64CA0 /* QuartzCore.framework */ = {isa = PBXFileReference; lastKnownFileType = wrapper.framework; name = QuartzCore.framework; path = System/Library/Frameworks/QuartzCore.framework; sourceTree = SDKROOT; };
		3970C8341B05171C00A64CA0 /* MobileCoreServices.framework */ = {isa = PBXFileReference; lastKnownFileType = wrapper.framework; name = MobileCoreServices.framework; path = System/Library/Frameworks/MobileCoreServices.framework; sourceTree = SDKROOT; };
		3970C8361B05172B00A64CA0 /* libsqlite3.dylib */ = {isa = PBXFileReference; lastKnownFileType = "compiled.mach-o.dylib"; name = libsqlite3.dylib; path = usr/lib/libsqlite3.dylib; sourceTree = SDKROOT; };
		3970C8381B05173600A64CA0 /* libz.1.1.3.dylib */ = {isa = PBXFileReference; lastKnownFileType = "compiled.mach-o.dylib"; name = libz.1.1.3.dylib; path = usr/lib/libz.1.1.3.dylib; sourceTree = SDKROOT; };
		3970C83A1B05175100A64CA0 /* CoreGraphics.framework */ = {isa = PBXFileReference; lastKnownFileType = wrapper.framework; name = CoreGraphics.framework; path = System/Library/Frameworks/CoreGraphics.framework; sourceTree = SDKROOT; };
		3970C8451B05380A00A64CA0 /* Parse.framework */ = {isa = PBXFileReference; lastKnownFileType = wrapper.framework; path = Parse.framework; sourceTree = "<group>"; };
		3970C8471B05382700A64CA0 /* Bolts.framework */ = {isa = PBXFileReference; lastKnownFileType = wrapper.framework; path = Bolts.framework; sourceTree = "<group>"; };
		39A691861B03B84C00C37436 /* FindMyFriends.app */ = {isa = PBXFileReference; explicitFileType = wrapper.application; includeInIndex = 0; path = FindMyFriends.app; sourceTree = BUILT_PRODUCTS_DIR; };
		39A6918A1B03B84C00C37436 /* Info.plist */ = {isa = PBXFileReference; lastKnownFileType = text.plist.xml; path = Info.plist; sourceTree = "<group>"; };
		39A6918B1B03B84C00C37436 /* main.m */ = {isa = PBXFileReference; lastKnownFileType = sourcecode.c.objc; path = main.m; sourceTree = "<group>"; };
		39A6918D1B03B84C00C37436 /* AppDelegate.h */ = {isa = PBXFileReference; lastKnownFileType = sourcecode.c.h; path = AppDelegate.h; sourceTree = "<group>"; };
		39A6918E1B03B84C00C37436 /* AppDelegate.m */ = {isa = PBXFileReference; lastKnownFileType = sourcecode.c.objc; path = AppDelegate.m; sourceTree = "<group>"; };
		39A691901B03B84C00C37436 /* ViewController.h */ = {isa = PBXFileReference; lastKnownFileType = sourcecode.c.h; path = ViewController.h; sourceTree = "<group>"; };
		39A691911B03B84C00C37436 /* ViewController.m */ = {isa = PBXFileReference; lastKnownFileType = sourcecode.c.objc; path = ViewController.m; sourceTree = "<group>"; };
		39A691941B03B84C00C37436 /* Base */ = {isa = PBXFileReference; lastKnownFileType = file.storyboard; name = Base; path = Base.lproj/Main.storyboard; sourceTree = "<group>"; };
		39A691961B03B84C00C37436 /* Images.xcassets */ = {isa = PBXFileReference; lastKnownFileType = folder.assetcatalog; path = Images.xcassets; sourceTree = "<group>"; };
		39A691991B03B84C00C37436 /* Base */ = {isa = PBXFileReference; lastKnownFileType = file.xib; name = Base; path = Base.lproj/LaunchScreen.xib; sourceTree = "<group>"; };
		39A6919F1B03B84C00C37436 /* FindMyFriendsTests.xctest */ = {isa = PBXFileReference; explicitFileType = wrapper.cfbundle; includeInIndex = 0; path = FindMyFriendsTests.xctest; sourceTree = BUILT_PRODUCTS_DIR; };
		39A691A41B03B84C00C37436 /* Info.plist */ = {isa = PBXFileReference; lastKnownFileType = text.plist.xml; path = Info.plist; sourceTree = "<group>"; };
		39A691A51B03B84C00C37436 /* FindMyFriendsTests.m */ = {isa = PBXFileReference; lastKnownFileType = sourcecode.c.objc; path = FindMyFriendsTests.m; sourceTree = "<group>"; };
		39A691AF1B03BBFA00C37436 /* LoginViewController.h */ = {isa = PBXFileReference; fileEncoding = 4; lastKnownFileType = sourcecode.c.h; path = LoginViewController.h; sourceTree = "<group>"; };
		39A691B01B03BBFA00C37436 /* LoginViewController.m */ = {isa = PBXFileReference; fileEncoding = 4; lastKnownFileType = sourcecode.c.objc; path = LoginViewController.m; sourceTree = "<group>"; };
		39A691B21B03BC9100C37436 /* CoreLocation.framework */ = {isa = PBXFileReference; lastKnownFileType = wrapper.framework; name = CoreLocation.framework; path = System/Library/Frameworks/CoreLocation.framework; sourceTree = SDKROOT; };
		39A691B41B03BCA100C37436 /* MapKit.framework */ = {isa = PBXFileReference; lastKnownFileType = wrapper.framework; name = MapKit.framework; path = System/Library/Frameworks/MapKit.framework; sourceTree = SDKROOT; };
		39A691B61B03BFEA00C37436 /* NewUserViewController.h */ = {isa = PBXFileReference; fileEncoding = 4; lastKnownFileType = sourcecode.c.h; path = NewUserViewController.h; sourceTree = "<group>"; };
		39A691B71B03BFEA00C37436 /* NewUserViewController.m */ = {isa = PBXFileReference; fileEncoding = 4; lastKnownFileType = sourcecode.c.objc; path = NewUserViewController.m; sourceTree = "<group>"; };
		39A691BA1B03C95E00C37436 /* WallViewController.h */ = {isa = PBXFileReference; fileEncoding = 4; lastKnownFileType = sourcecode.c.h; path = WallViewController.h; sourceTree = "<group>"; };
		39A691BB1B03C95E00C37436 /* WallViewController.m */ = {isa = PBXFileReference; fileEncoding = 4; lastKnownFileType = sourcecode.c.objc; path = WallViewController.m; sourceTree = "<group>"; };
		39A691BF1B03D02900C37436 /* WallPostTableViewController.h */ = {isa = PBXFileReference; fileEncoding = 4; lastKnownFileType = sourcecode.c.h; path = WallPostTableViewController.h; sourceTree = "<group>"; };
		39A691C01B03D02900C37436 /* WallPostTableViewController.m */ = {isa = PBXFileReference; fileEncoding = 4; lastKnownFileType = sourcecode.c.objc; path = WallPostTableViewController.m; sourceTree = "<group>"; };
		39A691C21B03D05F00C37436 /* SettingsViewController.h */ = {isa = PBXFileReference; fileEncoding = 4; lastKnownFileType = sourcecode.c.h; path = SettingsViewController.h; sourceTree = "<group>"; };
		39A691C31B03D05F00C37436 /* SettingsViewController.m */ = {isa = PBXFileReference; fileEncoding = 4; lastKnownFileType = sourcecode.c.objc; path = SettingsViewController.m; sourceTree = "<group>"; };
		39A691C51B03D08A00C37436 /* WallPostCreateViewController.h */ = {isa = PBXFileReference; fileEncoding = 4; lastKnownFileType = sourcecode.c.h; path = WallPostCreateViewController.h; sourceTree = "<group>"; };
		39A691C61B03D08A00C37436 /* WallPostCreateViewController.m */ = {isa = PBXFileReference; fileEncoding = 4; lastKnownFileType = sourcecode.c.objc; path = WallPostCreateViewController.m; sourceTree = "<group>"; };
/* End PBXFileReference section */

/* Begin PBXFrameworksBuildPhase section */
		39A691831B03B84C00C37436 /* Frameworks */ = {
			isa = PBXFrameworksBuildPhase;
			buildActionMask = 2147483647;
			files = (
				3970C83B1B05175100A64CA0 /* CoreGraphics.framework in Frameworks */,
				3970C8391B05173600A64CA0 /* libz.1.1.3.dylib in Frameworks */,
				3970C8371B05172B00A64CA0 /* libsqlite3.dylib in Frameworks */,
				3970C8351B05171C00A64CA0 /* MobileCoreServices.framework in Frameworks */,
				3970C8331B05170C00A64CA0 /* QuartzCore.framework in Frameworks */,
				3970C8311B05170000A64CA0 /* Security.framework in Frameworks */,
				3970C82F1B0516F800A64CA0 /* StoreKit.framework in Frameworks */,
				3970C82D1B0516ED00A64CA0 /* SystemConfiguration.framework in Frameworks */,
				3970C82B1B0516DD00A64CA0 /* AudioToolbox.framework in Frameworks */,
				3970C8461B05380A00A64CA0 /* Parse.framework in Frameworks */,
				3970C8291B05161800A64CA0 /* CFNetwork.framework in Frameworks */,
				39A691B51B03BCA100C37436 /* MapKit.framework in Frameworks */,
				39A691B31B03BC9100C37436 /* CoreLocation.framework in Frameworks */,
				3970C8481B05382700A64CA0 /* Bolts.framework in Frameworks */,
			);
			runOnlyForDeploymentPostprocessing = 0;
		};
		39A6919C1B03B84C00C37436 /* Frameworks */ = {
			isa = PBXFrameworksBuildPhase;
			buildActionMask = 2147483647;
			files = (
			);
			runOnlyForDeploymentPostprocessing = 0;
		};
/* End PBXFrameworksBuildPhase section */

/* Begin PBXGroup section */
		39A6917D1B03B84C00C37436 = {
			isa = PBXGroup;
			children = (
				3970C8471B05382700A64CA0 /* Bolts.framework */,
				3970C8451B05380A00A64CA0 /* Parse.framework */,
				3970C83A1B05175100A64CA0 /* CoreGraphics.framework */,
				3970C8381B05173600A64CA0 /* libz.1.1.3.dylib */,
				3970C8361B05172B00A64CA0 /* libsqlite3.dylib */,
				3970C8341B05171C00A64CA0 /* MobileCoreServices.framework */,
				3970C8321B05170C00A64CA0 /* QuartzCore.framework */,
				3970C8301B05170000A64CA0 /* Security.framework */,
				3970C82E1B0516F800A64CA0 /* StoreKit.framework */,
				3970C82C1B0516ED00A64CA0 /* SystemConfiguration.framework */,
				3970C82A1B0516DD00A64CA0 /* AudioToolbox.framework */,
				3970C8281B05161800A64CA0 /* CFNetwork.framework */,
				39A691B91B03C7BA00C37436 /* Controllers */,
				39A691B41B03BCA100C37436 /* MapKit.framework */,
				39A691B21B03BC9100C37436 /* CoreLocation.framework */,
				39A691881B03B84C00C37436 /* FindMyFriends */,
				39A691A21B03B84C00C37436 /* FindMyFriendsTests */,
				39A691871B03B84C00C37436 /* Products */,
			);
			sourceTree = "<group>";
		};
		39A691871B03B84C00C37436 /* Products */ = {
			isa = PBXGroup;
			children = (
				39A691861B03B84C00C37436 /* FindMyFriends.app */,
				39A6919F1B03B84C00C37436 /* FindMyFriendsTests.xctest */,
			);
			name = Products;
			sourceTree = "<group>";
		};
		39A691881B03B84C00C37436 /* FindMyFriends */ = {
			isa = PBXGroup;
			children = (
				39A6918D1B03B84C00C37436 /* AppDelegate.h */,
				39A6918E1B03B84C00C37436 /* AppDelegate.m */,
				39A691901B03B84C00C37436 /* ViewController.h */,
				39A691911B03B84C00C37436 /* ViewController.m */,
				39A691931B03B84C00C37436 /* Main.storyboard */,
				39A691961B03B84C00C37436 /* Images.xcassets */,
				39A691981B03B84C00C37436 /* LaunchScreen.xib */,
				39A691891B03B84C00C37436 /* Supporting Files */,
			);
			path = FindMyFriends;
			sourceTree = "<group>";
		};
		39A691891B03B84C00C37436 /* Supporting Files */ = {
			isa = PBXGroup;
			children = (
				39A6918A1B03B84C00C37436 /* Info.plist */,
				39A6918B1B03B84C00C37436 /* main.m */,
			);
			name = "Supporting Files";
			sourceTree = "<group>";
		};
		39A691A21B03B84C00C37436 /* FindMyFriendsTests */ = {
			isa = PBXGroup;
			children = (
				39A691A51B03B84C00C37436 /* FindMyFriendsTests.m */,
				39A691A31B03B84C00C37436 /* Supporting Files */,
			);
			path = FindMyFriendsTests;
			sourceTree = "<group>";
		};
		39A691A31B03B84C00C37436 /* Supporting Files */ = {
			isa = PBXGroup;
			children = (
				39A691A41B03B84C00C37436 /* Info.plist */,
			);
			name = "Supporting Files";
			sourceTree = "<group>";
		};
		39A691B91B03C7BA00C37436 /* Controllers */ = {
			isa = PBXGroup;
			children = (
				39A691BD1B03CFB100C37436 /* new user/login */,
				39A691BE1B03CFF300C37436 /* view and posts */,
				39A691C81B03D0AE00C37436 /* settings */,
			);
			name = Controllers;
			sourceTree = "<group>";
		};
		39A691BD1B03CFB100C37436 /* new user/login */ = {
			isa = PBXGroup;
			children = (
				39A691AF1B03BBFA00C37436 /* LoginViewController.h */,
				39A691B01B03BBFA00C37436 /* LoginViewController.m */,
				39A691B61B03BFEA00C37436 /* NewUserViewController.h */,
				39A691B71B03BFEA00C37436 /* NewUserViewController.m */,
			);
			name = "new user/login";
			sourceTree = "<group>";
		};
		39A691BE1B03CFF300C37436 /* view and posts */ = {
			isa = PBXGroup;
			children = (
				39A691BA1B03C95E00C37436 /* WallViewController.h */,
				39A691BB1B03C95E00C37436 /* WallViewController.m */,
				39A691BF1B03D02900C37436 /* WallPostTableViewController.h */,
				39A691C01B03D02900C37436 /* WallPostTableViewController.m */,
				39A691C51B03D08A00C37436 /* WallPostCreateViewController.h */,
				39A691C61B03D08A00C37436 /* WallPostCreateViewController.m */,
			);
			name = "view and posts";
			sourceTree = "<group>";
		};
		39A691C81B03D0AE00C37436 /* settings */ = {
			isa = PBXGroup;
			children = (
				39A691C21B03D05F00C37436 /* SettingsViewController.h */,
				39A691C31B03D05F00C37436 /* SettingsViewController.m */,
			);
			name = settings;
			sourceTree = "<group>";
		};
/* End PBXGroup section */

/* Begin PBXNativeTarget section */
		39A691851B03B84C00C37436 /* FindMyFriends */ = {
			isa = PBXNativeTarget;
			buildConfigurationList = 39A691A91B03B84C00C37436 /* Build configuration list for PBXNativeTarget "FindMyFriends" */;
			buildPhases = (
				39A691821B03B84C00C37436 /* Sources */,
				39A691831B03B84C00C37436 /* Frameworks */,
				39A691841B03B84C00C37436 /* Resources */,
			);
			buildRules = (
			);
			dependencies = (
			);
			name = FindMyFriends;
			productName = FindMyFriends;
			productReference = 39A691861B03B84C00C37436 /* FindMyFriends.app */;
			productType = "com.apple.product-type.application";
		};
		39A6919E1B03B84C00C37436 /* FindMyFriendsTests */ = {
			isa = PBXNativeTarget;
			buildConfigurationList = 39A691AC1B03B84C00C37436 /* Build configuration list for PBXNativeTarget "FindMyFriendsTests" */;
			buildPhases = (
				39A6919B1B03B84C00C37436 /* Sources */,
				39A6919C1B03B84C00C37436 /* Frameworks */,
				39A6919D1B03B84C00C37436 /* Resources */,
			);
			buildRules = (
			);
			dependencies = (
				39A691A11B03B84C00C37436 /* PBXTargetDependency */,
			);
			name = FindMyFriendsTests;
			productName = FindMyFriendsTests;
			productReference = 39A6919F1B03B84C00C37436 /* FindMyFriendsTests.xctest */;
			productType = "com.apple.product-type.bundle.unit-test";
		};
/* End PBXNativeTarget section */

/* Begin PBXProject section */
		39A6917E1B03B84C00C37436 /* Project object */ = {
			isa = PBXProject;
			attributes = {
				LastUpgradeCheck = 0630;
				ORGANIZATIONNAME = "Eff Dee Productions";
				TargetAttributes = {
					39A691851B03B84C00C37436 = {
						CreatedOnToolsVersion = 6.3.1;
					};
					39A6919E1B03B84C00C37436 = {
						CreatedOnToolsVersion = 6.3.1;
						TestTargetID = 39A691851B03B84C00C37436;
					};
				};
			};
			buildConfigurationList = 39A691811B03B84C00C37436 /* Build configuration list for PBXProject "FindMyFriends" */;
			compatibilityVersion = "Xcode 3.2";
			developmentRegion = English;
			hasScannedForEncodings = 0;
			knownRegions = (
				en,
				Base,
			);
			mainGroup = 39A6917D1B03B84C00C37436;
			productRefGroup = 39A691871B03B84C00C37436 /* Products */;
			projectDirPath = "";
			projectRoot = "";
			targets = (
				39A691851B03B84C00C37436 /* FindMyFriends */,
				39A6919E1B03B84C00C37436 /* FindMyFriendsTests */,
			);
		};
/* End PBXProject section */

/* Begin PBXResourcesBuildPhase section */
		39A691841B03B84C00C37436 /* Resources */ = {
			isa = PBXResourcesBuildPhase;
			buildActionMask = 2147483647;
			files = (
				39A691951B03B84C00C37436 /* Main.storyboard in Resources */,
				39A6919A1B03B84C00C37436 /* LaunchScreen.xib in Resources */,
				39A691971B03B84C00C37436 /* Images.xcassets in Resources */,
			);
			runOnlyForDeploymentPostprocessing = 0;
		};
		39A6919D1B03B84C00C37436 /* Resources */ = {
			isa = PBXResourcesBuildPhase;
			buildActionMask = 2147483647;
			files = (
			);
			runOnlyForDeploymentPostprocessing = 0;
		};
/* End PBXResourcesBuildPhase section */

/* Begin PBXSourcesBuildPhase section */
		39A691821B03B84C00C37436 /* Sources */ = {
			isa = PBXSourcesBuildPhase;
			buildActionMask = 2147483647;
			files = (
				39A691BC1B03C95E00C37436 /* WallViewController.m in Sources */,
				39A691B11B03BBFA00C37436 /* LoginViewController.m in Sources */,
				39A691921B03B84C00C37436 /* ViewController.m in Sources */,
				39A691C41B03D05F00C37436 /* SettingsViewController.m in Sources */,
				39A691C71B03D08A00C37436 /* WallPostCreateViewController.m in Sources */,
				39A6918F1B03B84C00C37436 /* AppDelegate.m in Sources */,
				39A6918C1B03B84C00C37436 /* main.m in Sources */,
				39A691C11B03D02900C37436 /* WallPostTableViewController.m in Sources */,
				39A691B81B03BFEA00C37436 /* NewUserViewController.m in Sources */,
			);
			runOnlyForDeploymentPostprocessing = 0;
		};
		39A6919B1B03B84C00C37436 /* Sources */ = {
			isa = PBXSourcesBuildPhase;
			buildActionMask = 2147483647;
			files = (
				39A691A61B03B84C00C37436 /* FindMyFriendsTests.m in Sources */,
			);
			runOnlyForDeploymentPostprocessing = 0;
		};
/* End PBXSourcesBuildPhase section */

/* Begin PBXTargetDependency section */
		39A691A11B03B84C00C37436 /* PBXTargetDependency */ = {
			isa = PBXTargetDependency;
			target = 39A691851B03B84C00C37436 /* FindMyFriends */;
			targetProxy = 39A691A01B03B84C00C37436 /* PBXContainerItemProxy */;
		};
/* End PBXTargetDependency section */

/* Begin PBXVariantGroup section */
		39A691931B03B84C00C37436 /* Main.storyboard */ = {
			isa = PBXVariantGroup;
			children = (
				39A691941B03B84C00C37436 /* Base */,
			);
			name = Main.storyboard;
			sourceTree = "<group>";
		};
		39A691981B03B84C00C37436 /* LaunchScreen.xib */ = {
			isa = PBXVariantGroup;
			children = (
				39A691991B03B84C00C37436 /* Base */,
			);
			name = LaunchScreen.xib;
			sourceTree = "<group>";
		};
/* End PBXVariantGroup section */

/* Begin XCBuildConfiguration section */
		39A691A71B03B84C00C37436 /* Debug */ = {
			isa = XCBuildConfiguration;
			buildSettings = {
				ALWAYS_SEARCH_USER_PATHS = NO;
				CLANG_CXX_LANGUAGE_STANDARD = "gnu++0x";
				CLANG_CXX_LIBRARY = "libc++";
				CLANG_ENABLE_MODULES = YES;
				CLANG_ENABLE_OBJC_ARC = YES;
				CLANG_WARN_BOOL_CONVERSION = YES;
				CLANG_WARN_CONSTANT_CONVERSION = YES;
				CLANG_WARN_DIRECT_OBJC_ISA_USAGE = YES_ERROR;
				CLANG_WARN_EMPTY_BODY = YES;
				CLANG_WARN_ENUM_CONVERSION = YES;
				CLANG_WARN_INT_CONVERSION = YES;
				CLANG_WARN_OBJC_ROOT_CLASS = YES_ERROR;
				CLANG_WARN_UNREACHABLE_CODE = YES;
				CLANG_WARN__DUPLICATE_METHOD_MATCH = YES;
				"CODE_SIGN_IDENTITY[sdk=iphoneos*]" = "iPhone Developer";
				COPY_PHASE_STRIP = NO;
				DEBUG_INFORMATION_FORMAT = "dwarf-with-dsym";
				ENABLE_STRICT_OBJC_MSGSEND = YES;
				GCC_C_LANGUAGE_STANDARD = gnu99;
				GCC_DYNAMIC_NO_PIC = NO;
				GCC_NO_COMMON_BLOCKS = YES;
				GCC_OPTIMIZATION_LEVEL = 0;
				GCC_PREPROCESSOR_DEFINITIONS = (
					"DEBUG=1",
					"$(inherited)",
				);
				GCC_SYMBOLS_PRIVATE_EXTERN = NO;
				GCC_WARN_64_TO_32_BIT_CONVERSION = YES;
				GCC_WARN_ABOUT_RETURN_TYPE = YES_ERROR;
				GCC_WARN_UNDECLARED_SELECTOR = YES;
				GCC_WARN_UNINITIALIZED_AUTOS = YES_AGGRESSIVE;
				GCC_WARN_UNUSED_FUNCTION = YES;
				GCC_WARN_UNUSED_VARIABLE = YES;
				IPHONEOS_DEPLOYMENT_TARGET = 8.3;
				MTL_ENABLE_DEBUG_INFO = YES;
				ONLY_ACTIVE_ARCH = YES;
				SDKROOT = iphoneos;
			};
			name = Debug;
		};
		39A691A81B03B84C00C37436 /* Release */ = {
			isa = XCBuildConfiguration;
			buildSettings = {
				ALWAYS_SEARCH_USER_PATHS = NO;
				CLANG_CXX_LANGUAGE_STANDARD = "gnu++0x";
				CLANG_CXX_LIBRARY = "libc++";
				CLANG_ENABLE_MODULES = YES;
				CLANG_ENABLE_OBJC_ARC = YES;
				CLANG_WARN_BOOL_CONVERSION = YES;
				CLANG_WARN_CONSTANT_CONVERSION = YES;
				CLANG_WARN_DIRECT_OBJC_ISA_USAGE = YES_ERROR;
				CLANG_WARN_EMPTY_BODY = YES;
				CLANG_WARN_ENUM_CONVERSION = YES;
				CLANG_WARN_INT_CONVERSION = YES;
				CLANG_WARN_OBJC_ROOT_CLASS = YES_ERROR;
				CLANG_WARN_UNREACHABLE_CODE = YES;
				CLANG_WARN__DUPLICATE_METHOD_MATCH = YES;
				"CODE_SIGN_IDENTITY[sdk=iphoneos*]" = "iPhone Developer";
				COPY_PHASE_STRIP = NO;
				DEBUG_INFORMATION_FORMAT = "dwarf-with-dsym";
				ENABLE_NS_ASSERTIONS = NO;
				ENABLE_STRICT_OBJC_MSGSEND = YES;
				GCC_C_LANGUAGE_STANDARD = gnu99;
				GCC_NO_COMMON_BLOCKS = YES;
				GCC_WARN_64_TO_32_BIT_CONVERSION = YES;
				GCC_WARN_ABOUT_RETURN_TYPE = YES_ERROR;
				GCC_WARN_UNDECLARED_SELECTOR = YES;
				GCC_WARN_UNINITIALIZED_AUTOS = YES_AGGRESSIVE;
				GCC_WARN_UNUSED_FUNCTION = YES;
				GCC_WARN_UNUSED_VARIABLE = YES;
				IPHONEOS_DEPLOYMENT_TARGET = 8.3;
				MTL_ENABLE_DEBUG_INFO = NO;
				SDKROOT = iphoneos;
				VALIDATE_PRODUCT = YES;
			};
			name = Release;
		};
		39A691AA1B03B84C00C37436 /* Debug */ = {
			isa = XCBuildConfiguration;
			buildSettings = {
				ASSETCATALOG_COMPILER_APPICON_NAME = AppIcon;
				FRAMEWORK_SEARCH_PATHS = "$(PROJECT_DIR)";
				INFOPLIST_FILE = FindMyFriends/Info.plist;
				LD_RUNPATH_SEARCH_PATHS = "$(inherited) @executable_path/Frameworks";
				PRODUCT_NAME = "$(TARGET_NAME)";
			};
			name = Debug;
		};
		39A691AB1B03B84C00C37436 /* Release */ = {
			isa = XCBuildConfiguration;
			buildSettings = {
				ASSETCATALOG_COMPILER_APPICON_NAME = AppIcon;
				FRAMEWORK_SEARCH_PATHS = "$(PROJECT_DIR)";
				INFOPLIST_FILE = FindMyFriends/Info.plist;
				LD_RUNPATH_SEARCH_PATHS = "$(inherited) @executable_path/Frameworks";
				PRODUCT_NAME = "$(TARGET_NAME)";
			};
			name = Release;
		};
		39A691AD1B03B84C00C37436 /* Debug */ = {
			isa = XCBuildConfiguration;
			buildSettings = {
				BUNDLE_LOADER = "$(TEST_HOST)";
				FRAMEWORK_SEARCH_PATHS = (
					"$(SDKROOT)/Developer/Library/Frameworks",
					"$(inherited)",
				);
				GCC_PREPROCESSOR_DEFINITIONS = (
					"DEBUG=1",
					"$(inherited)",
				);
				INFOPLIST_FILE = FindMyFriendsTests/Info.plist;
				LD_RUNPATH_SEARCH_PATHS = "$(inherited) @executable_path/Frameworks @loader_path/Frameworks";
				PRODUCT_NAME = "$(TARGET_NAME)";
				TEST_HOST = "$(BUILT_PRODUCTS_DIR)/FindMyFriends.app/FindMyFriends";
			};
			name = Debug;
		};
		39A691AE1B03B84C00C37436 /* Release */ = {
			isa = XCBuildConfiguration;
			buildSettings = {
				BUNDLE_LOADER = "$(TEST_HOST)";
				FRAMEWORK_SEARCH_PATHS = (
					"$(SDKROOT)/Developer/Library/Frameworks",
					"$(inherited)",
				);
				INFOPLIST_FILE = FindMyFriendsTests/Info.plist;
				LD_RUNPATH_SEARCH_PATHS = "$(inherited) @executable_path/Frameworks @loader_path/Frameworks";
				PRODUCT_NAME = "$(TARGET_NAME)";
				TEST_HOST = "$(BUILT_PRODUCTS_DIR)/FindMyFriends.app/FindMyFriends";
			};
			name = Release;
		};
/* End XCBuildConfiguration section */

/* Begin XCConfigurationList section */
		39A691811B03B84C00C37436 /* Build configuration list for PBXProject "FindMyFriends" */ = {
			isa = XCConfigurationList;
			buildConfigurations = (
				39A691A71B03B84C00C37436 /* Debug */,
				39A691A81B03B84C00C37436 /* Release */,
			);
			defaultConfigurationIsVisible = 0;
			defaultConfigurationName = Release;
		};
		39A691A91B03B84C00C37436 /* Build configuration list for PBXNativeTarget "FindMyFriends" */ = {
			isa = XCConfigurationList;
			buildConfigurations = (
				39A691AA1B03B84C00C37436 /* Debug */,
				39A691AB1B03B84C00C37436 /* Release */,
			);
			defaultConfigurationIsVisible = 0;
			defaultConfigurationName = Release;
		};
		39A691AC1B03B84C00C37436 /* Build configuration list for PBXNativeTarget "FindMyFriendsTests" */ = {
			isa = XCConfigurationList;
			buildConfigurations = (
				39A691AD1B03B84C00C37436 /* Debug */,
				39A691AE1B03B84C00C37436 /* Release */,
			);
			defaultConfigurationIsVisible = 0;
			defaultConfigurationName = Release;
		};
/* End XCConfigurationList section */
	};
	rootObject = 39A6917E1B03B84C00C37436 /* Project object */;
}
